{
  "pins" : [
    {
      "identity" : "cwlcatchexception",
      "kind" : "remoteSourceControl",
      "location" : "https://github.com/mattgallagher/CwlCatchException.git",
      "state" : {
        "revision" : "3b123999de19bf04905bc1dfdb76f817b0f2cc00",
        "version" : "2.1.2"
      }
    },
    {
      "identity" : "cwlpreconditiontesting",
      "kind" : "remoteSourceControl",
      "location" : "https://github.com/mattgallagher/CwlPreconditionTesting.git",
      "state" : {
        "revision" : "dc9af4781f2afdd1e68e90f80b8603be73ea7abc",
        "version" : "2.2.0"
      }
    },
    {
      "identity" : "safariui",
      "kind" : "remoteSourceControl",
      "location" : "https://github.com/vsanthanam/SafariUI",
      "state" : {
        "revision" : "a5bc0b529c002f729cd41f1bb008842933bfa923",
        "version" : "3.0.2"
      }
    },
    {
      "identity" : "swift-snapshot-testing",
      "kind" : "remoteSourceControl",
      "location" : "https://github.com/pointfreeco/swift-snapshot-testing",
      "state" : {
        "revision" : "e7b77228b34057041374ebef00c0fd7739d71a2b",
        "version" : "1.15.3"
      }
    },
    {
      "identity" : "swift-syntax",
      "kind" : "remoteSourceControl",
      "location" : "https://github.com/apple/swift-syntax.git",
      "state" : {
        "revision" : "64889f0c732f210a935a0ad7cda38f77f876262d",
        "version" : "509.1.1"
      }
    },
    {
      "identity" : "swiftextensions",
      "kind" : "remoteSourceControl",
      "location" : "https://github.com/vsanthanam/SwiftExtensions",
      "state" : {
        "revision" : "912dc9dad9a576a867e2f704af6b2beafd82f3cf",
        "version" : "0.0.7"
      }
    }
  ],
  "version" : 2
}
