// !$*UTF8*$!
{
	archiveVersion = 1;
	classes = {
	};
	objectVersion = 60;
	objects = {

/* Begin PBXBuildFile section */
		072BE9192AD5BCAE0004845E /* AcknowledgementView.swift in Sources */ = {isa = PBXBuildFile; fileRef = 072BE9182AD5BCAE0004845E /* AcknowledgementView.swift */; };
		074601322AC11413006A3CBE /* EditRoundView.swift in Sources */ = {isa = PBXBuildFile; fileRef = 074601312AC11413006A3CBE /* EditRoundView.swift */; };
		07496AC62AC87BEA005E76B5 /* RecordViewRow.swift in Sources */ = {isa = PBXBuildFile; fileRef = 07496AC52AC87BEA005E76B5 /* RecordViewRow.swift */; };
		079CB60C2AE798E300D80AA0 /* ScoreCardExtensions.swift in Sources */ = {isa = PBXBuildFile; fileRef = 079CB60B2AE798E300D80AA0 /* ScoreCardExtensions.swift */; };
		07D3C33C2AC9CC690003C7FA /* LoadGameViewRow.swift in Sources */ = {isa = PBXBuildFile; fileRef = 07D3C33B2AC9CC690003C7FA /* LoadGameViewRow.swift */; };
		07D3C3402ACA347F0003C7FA /* MoreView.swift in Sources */ = {isa = PBXBuildFile; fileRef = 07D3C33F2ACA347F0003C7FA /* MoreView.swift */; };
		07D3C3442ACA4E2C0003C7FA /* SafariView in Frameworks */ = {isa = PBXBuildFile; productRef = 07D3C3432ACA4E2C0003C7FA /* SafariView */; };
		07D3C3462ACA4EC00003C7FA /* Macros in Resources */ = {isa = PBXBuildFile; fileRef = 07D3C3452ACA4EC00003C7FA /* Macros */; };
		07D3C3492ACA50D30003C7FA /* Macros in Frameworks */ = {isa = PBXBuildFile; productRef = 07D3C3482ACA50D30003C7FA /* Macros */; };
		07D3C34B2ACA6DA20003C7FA /* PlayingCardView.swift in Sources */ = {isa = PBXBuildFile; fileRef = 07D3C34A2ACA6DA20003C7FA /* PlayingCardView.swift */; };
		07E6E7482AE78743004106A6 /* Acknowledgement.swift in Sources */ = {isa = PBXBuildFile; fileRef = 07E6E7472AE78743004106A6 /* Acknowledgement.swift */; };
		07F8AFD62AC8E63400771FBC /* Utils in Frameworks */ = {isa = PBXBuildFile; productRef = 07F8AFD52AC8E63400771FBC /* Utils */; };
		07F8AFD92AC8E66300771FBC /* FiveKit in Frameworks */ = {isa = PBXBuildFile; productRef = 07F8AFD82AC8E66300771FBC /* FiveKit */; };
		07FEAFE42ABD2EE400F4108D /* App.swift in Sources */ = {isa = PBXBuildFile; fileRef = 07FEAFE32ABD2EE400F4108D /* App.swift */; };
		07FEAFE62ABD2EE400F4108D /* RootView.swift in Sources */ = {isa = PBXBuildFile; fileRef = 07FEAFE52ABD2EE400F4108D /* RootView.swift */; };
		07FEAFEA2ABD2EE500F4108D /* Assets.xcassets in Resources */ = {isa = PBXBuildFile; fileRef = 07FEAFE92ABD2EE500F4108D /* Assets.xcassets */; };
		07FEAFED2ABD2EE500F4108D /* Preview Assets.xcassets in Resources */ = {isa = PBXBuildFile; fileRef = 07FEAFEC2ABD2EE500F4108D /* Preview Assets.xcassets */; };
		07FEAFF92ABD2EE500F4108D /* ScoreFiveTests.swift in Sources */ = {isa = PBXBuildFile; fileRef = 07FEAFF82ABD2EE500F4108D /* ScoreFiveTests.swift */; };
		07FEB0032ABD2EE500F4108D /* ScoreFiveUITests.swift in Sources */ = {isa = PBXBuildFile; fileRef = 07FEB0022ABD2EE500F4108D /* ScoreFiveUITests.swift */; };
		07FEB0052ABD2EE500F4108D /* ScoreFiveUITestsLaunchTests.swift in Sources */ = {isa = PBXBuildFile; fileRef = 07FEB0042ABD2EE500F4108D /* ScoreFiveUITestsLaunchTests.swift */; };
		07FEB0122AC09EF100F4108D /* Record.swift in Sources */ = {isa = PBXBuildFile; fileRef = 07FEB0112AC09EF100F4108D /* Record.swift */; };
		07FEB0172AC0A43F00F4108D /* NewGameView.swift in Sources */ = {isa = PBXBuildFile; fileRef = 07FEB0162AC0A43F00F4108D /* NewGameView.swift */; };
		07FEB0222AC0CC3B00F4108D /* FiveKit in Resources */ = {isa = PBXBuildFile; fileRef = 07FEB0212AC0CC3B00F4108D /* FiveKit */; };
		07FEB0252AC0CC4C00F4108D /* FiveKit in Frameworks */ = {isa = PBXBuildFile; productRef = 07FEB0242AC0CC4C00F4108D /* FiveKit */; };
		07FEB0272AC0CE7600F4108D /* LoadGameView.swift in Sources */ = {isa = PBXBuildFile; fileRef = 07FEB0262AC0CE7600F4108D /* LoadGameView.swift */; };
		07FEB02D2AC0D67E00F4108D /* Environment.swift in Sources */ = {isa = PBXBuildFile; fileRef = 07FEB02C2AC0D67E00F4108D /* Environment.swift */; };
		07FEB02F2AC0D86000F4108D /* Modifiers.swift in Sources */ = {isa = PBXBuildFile; fileRef = 07FEB02E2AC0D86000F4108D /* Modifiers.swift */; };
		07FEB0312AC0E89400F4108D /* RecordView.swift in Sources */ = {isa = PBXBuildFile; fileRef = 07FEB0302AC0E89400F4108D /* RecordView.swift */; };
		07FEB0372AC0EC5800F4108D /* Utils in Frameworks */ = {isa = PBXBuildFile; productRef = 07FEB0362AC0EC5800F4108D /* Utils */; };
/* End PBXBuildFile section */

/* Begin PBXContainerItemProxy section */
		07FEAFF52ABD2EE500F4108D /* PBXContainerItemProxy */ = {
			isa = PBXContainerItemProxy;
			containerPortal = 07FEAFD82ABD2EE400F4108D /* Project object */;
			proxyType = 1;
			remoteGlobalIDString = 07FEAFDF2ABD2EE400F4108D;
			remoteInfo = ScoreFive;
		};
		07FEAFFF2ABD2EE500F4108D /* PBXContainerItemProxy */ = {
			isa = PBXContainerItemProxy;
			containerPortal = 07FEAFD82ABD2EE400F4108D /* Project object */;
			proxyType = 1;
			remoteGlobalIDString = 07FEAFDF2ABD2EE400F4108D;
			remoteInfo = ScoreFive;
		};
/* End PBXContainerItemProxy section */

/* Begin PBXFileReference section */
		072BE9182AD5BCAE0004845E /* AcknowledgementView.swift */ = {isa = PBXFileReference; lastKnownFileType = sourcecode.swift; path = AcknowledgementView.swift; sourceTree = "<group>"; };
		074601312AC11413006A3CBE /* EditRoundView.swift */ = {isa = PBXFileReference; lastKnownFileType = sourcecode.swift; path = EditRoundView.swift; sourceTree = "<group>"; };
		07496AC52AC87BEA005E76B5 /* RecordViewRow.swift */ = {isa = PBXFileReference; lastKnownFileType = sourcecode.swift; path = RecordViewRow.swift; sourceTree = "<group>"; };
		079CB60B2AE798E300D80AA0 /* ScoreCardExtensions.swift */ = {isa = PBXFileReference; lastKnownFileType = sourcecode.swift; path = ScoreCardExtensions.swift; sourceTree = "<group>"; };
		07D3C33B2AC9CC690003C7FA /* LoadGameViewRow.swift */ = {isa = PBXFileReference; lastKnownFileType = sourcecode.swift; path = LoadGameViewRow.swift; sourceTree = "<group>"; };
		07D3C33F2ACA347F0003C7FA /* MoreView.swift */ = {isa = PBXFileReference; lastKnownFileType = sourcecode.swift; path = MoreView.swift; sourceTree = "<group>"; };
		07D3C3452ACA4EC00003C7FA /* Macros */ = {isa = PBXFileReference; lastKnownFileType = wrapper; path = Macros; sourceTree = "<group>"; };
		07D3C34A2ACA6DA20003C7FA /* PlayingCardView.swift */ = {isa = PBXFileReference; lastKnownFileType = sourcecode.swift; path = PlayingCardView.swift; sourceTree = "<group>"; };
		07E6E7472AE78743004106A6 /* Acknowledgement.swift */ = {isa = PBXFileReference; lastKnownFileType = sourcecode.swift; path = Acknowledgement.swift; sourceTree = "<group>"; };
		07FEAFE02ABD2EE400F4108D /* ScoreFive.app */ = {isa = PBXFileReference; explicitFileType = wrapper.application; includeInIndex = 0; path = ScoreFive.app; sourceTree = BUILT_PRODUCTS_DIR; };
		07FEAFE32ABD2EE400F4108D /* App.swift */ = {isa = PBXFileReference; lastKnownFileType = sourcecode.swift; path = App.swift; sourceTree = "<group>"; };
		07FEAFE52ABD2EE400F4108D /* RootView.swift */ = {isa = PBXFileReference; lastKnownFileType = sourcecode.swift; path = RootView.swift; sourceTree = "<group>"; };
		07FEAFE92ABD2EE500F4108D /* Assets.xcassets */ = {isa = PBXFileReference; lastKnownFileType = folder.assetcatalog; path = Assets.xcassets; sourceTree = "<group>"; };
		07FEAFEC2ABD2EE500F4108D /* Preview Assets.xcassets */ = {isa = PBXFileReference; lastKnownFileType = folder.assetcatalog; path = "Preview Assets.xcassets"; sourceTree = "<group>"; };
		07FEAFEE2ABD2EE500F4108D /* ScoreFive.entitlements */ = {isa = PBXFileReference; lastKnownFileType = text.plist.entitlements; path = ScoreFive.entitlements; sourceTree = "<group>"; };
		07FEAFEF2ABD2EE500F4108D /* Info.plist */ = {isa = PBXFileReference; lastKnownFileType = text.plist.xml; path = Info.plist; sourceTree = "<group>"; };
		07FEAFF42ABD2EE500F4108D /* ScoreFiveTests.xctest */ = {isa = PBXFileReference; explicitFileType = wrapper.cfbundle; includeInIndex = 0; path = ScoreFiveTests.xctest; sourceTree = BUILT_PRODUCTS_DIR; };
		07FEAFF82ABD2EE500F4108D /* ScoreFiveTests.swift */ = {isa = PBXFileReference; lastKnownFileType = sourcecode.swift; path = ScoreFiveTests.swift; sourceTree = "<group>"; };
		07FEAFFE2ABD2EE500F4108D /* ScoreFiveUITests.xctest */ = {isa = PBXFileReference; explicitFileType = wrapper.cfbundle; includeInIndex = 0; path = ScoreFiveUITests.xctest; sourceTree = BUILT_PRODUCTS_DIR; };
		07FEB0022ABD2EE500F4108D /* ScoreFiveUITests.swift */ = {isa = PBXFileReference; lastKnownFileType = sourcecode.swift; path = ScoreFiveUITests.swift; sourceTree = "<group>"; };
		07FEB0042ABD2EE500F4108D /* ScoreFiveUITestsLaunchTests.swift */ = {isa = PBXFileReference; lastKnownFileType = sourcecode.swift; path = ScoreFiveUITestsLaunchTests.swift; sourceTree = "<group>"; };
		07FEB0112AC09EF100F4108D /* Record.swift */ = {isa = PBXFileReference; lastKnownFileType = sourcecode.swift; path = Record.swift; sourceTree = "<group>"; };
		07FEB0162AC0A43F00F4108D /* NewGameView.swift */ = {isa = PBXFileReference; lastKnownFileType = sourcecode.swift; path = NewGameView.swift; sourceTree = "<group>"; };
		07FEB0212AC0CC3B00F4108D /* FiveKit */ = {isa = PBXFileReference; lastKnownFileType = wrapper; path = FiveKit; sourceTree = "<group>"; };
		07FEB0262AC0CE7600F4108D /* LoadGameView.swift */ = {isa = PBXFileReference; lastKnownFileType = sourcecode.swift; path = LoadGameView.swift; sourceTree = "<group>"; };
		07FEB02C2AC0D67E00F4108D /* Environment.swift */ = {isa = PBXFileReference; lastKnownFileType = sourcecode.swift; path = Environment.swift; sourceTree = "<group>"; };
		07FEB02E2AC0D86000F4108D /* Modifiers.swift */ = {isa = PBXFileReference; lastKnownFileType = sourcecode.swift; path = Modifiers.swift; sourceTree = "<group>"; };
		07FEB0302AC0E89400F4108D /* RecordView.swift */ = {isa = PBXFileReference; lastKnownFileType = sourcecode.swift; path = RecordView.swift; sourceTree = "<group>"; };
		07FEB0352AC0EBB600F4108D /* Utils */ = {isa = PBXFileReference; lastKnownFileType = wrapper; path = Utils; sourceTree = "<group>"; };
/* End PBXFileReference section */

/* Begin PBXFrameworksBuildPhase section */
		07FEAFDD2ABD2EE400F4108D /* Frameworks */ = {
			isa = PBXFrameworksBuildPhase;
			buildActionMask = 2147483647;
			files = (
				07F8AFD62AC8E63400771FBC /* Utils in Frameworks */,
				07F8AFD92AC8E66300771FBC /* FiveKit in Frameworks */,
				07FEB0372AC0EC5800F4108D /* Utils in Frameworks */,
				07D3C3492ACA50D30003C7FA /* Macros in Frameworks */,
				07D3C3442ACA4E2C0003C7FA /* SafariView in Frameworks */,
				07FEB0252AC0CC4C00F4108D /* FiveKit in Frameworks */,
			);
			runOnlyForDeploymentPostprocessing = 0;
		};
		07FEAFF12ABD2EE500F4108D /* Frameworks */ = {
			isa = PBXFrameworksBuildPhase;
			buildActionMask = 2147483647;
			files = (
			);
			runOnlyForDeploymentPostprocessing = 0;
		};
		07FEAFFB2ABD2EE500F4108D /* Frameworks */ = {
			isa = PBXFrameworksBuildPhase;
			buildActionMask = 2147483647;
			files = (
			);
			runOnlyForDeploymentPostprocessing = 0;
		};
/* End PBXFrameworksBuildPhase section */

/* Begin PBXGroup section */
		072BE9172AD5BC8C0004845E /* AcknowledgementView */ = {
			isa = PBXGroup;
			children = (
				072BE9182AD5BCAE0004845E /* AcknowledgementView.swift */,
			);
			path = AcknowledgementView;
			sourceTree = "<group>";
		};
		079CB60A2AE7989200D80AA0 /* Extensions */ = {
			isa = PBXGroup;
			children = (
				079CB60B2AE798E300D80AA0 /* ScoreCardExtensions.swift */,
			);
			path = Extensions;
			sourceTree = "<group>";
		};
		07D3C3362AC9CA840003C7FA /* NewGameView */ = {
			isa = PBXGroup;
			children = (
				07FEB0162AC0A43F00F4108D /* NewGameView.swift */,
			);
			path = NewGameView;
			sourceTree = "<group>";
		};
		07D3C3372AC9CA8A0003C7FA /* RecordView */ = {
			isa = PBXGroup;
			children = (
				07FEB0302AC0E89400F4108D /* RecordView.swift */,
				07496AC52AC87BEA005E76B5 /* RecordViewRow.swift */,
			);
			path = RecordView;
			sourceTree = "<group>";
		};
		07D3C3382AC9CC240003C7FA /* EditRoundView */ = {
			isa = PBXGroup;
			children = (
				074601312AC11413006A3CBE /* EditRoundView.swift */,
			);
			path = EditRoundView;
			sourceTree = "<group>";
		};
		07D3C3392AC9CC3C0003C7FA /* RootView */ = {
			isa = PBXGroup;
			children = (
				07FEAFE52ABD2EE400F4108D /* RootView.swift */,
				07D3C34A2ACA6DA20003C7FA /* PlayingCardView.swift */,
			);
			path = RootView;
			sourceTree = "<group>";
		};
		07D3C33A2AC9CC4E0003C7FA /* LoadGameView */ = {
			isa = PBXGroup;
			children = (
				07FEB0262AC0CE7600F4108D /* LoadGameView.swift */,
				07D3C33B2AC9CC690003C7FA /* LoadGameViewRow.swift */,
			);
			path = LoadGameView;
			sourceTree = "<group>";
		};
		07D3C33E2ACA34770003C7FA /* MoreView */ = {
			isa = PBXGroup;
			children = (
				07D3C33F2ACA347F0003C7FA /* MoreView.swift */,
			);
			path = MoreView;
			sourceTree = "<group>";
		};
		07F8AFD12AC8CE8300771FBC /* Src */ = {
			isa = PBXGroup;
			children = (
				079CB60A2AE7989200D80AA0 /* Extensions */,
				07F8AFD32AC8CEAA00771FBC /* Models */,
				07F8AFD22AC8CE9600771FBC /* Views */,
				07FEAFE32ABD2EE400F4108D /* App.swift */,
				07FEB02C2AC0D67E00F4108D /* Environment.swift */,
				07FEB02E2AC0D86000F4108D /* Modifiers.swift */,
				07FEB0202AC0CC3B00F4108D /* Packages */,
			);
			path = Src;
			sourceTree = "<group>";
		};
		07F8AFD22AC8CE9600771FBC /* Views */ = {
			isa = PBXGroup;
			children = (
				072BE9172AD5BC8C0004845E /* AcknowledgementView */,
				07D3C33E2ACA34770003C7FA /* MoreView */,
				07D3C33A2AC9CC4E0003C7FA /* LoadGameView */,
				07D3C3392AC9CC3C0003C7FA /* RootView */,
				07D3C3382AC9CC240003C7FA /* EditRoundView */,
				07D3C3372AC9CA8A0003C7FA /* RecordView */,
				07D3C3362AC9CA840003C7FA /* NewGameView */,
			);
			path = Views;
			sourceTree = "<group>";
		};
		07F8AFD32AC8CEAA00771FBC /* Models */ = {
			isa = PBXGroup;
			children = (
				07FEB0112AC09EF100F4108D /* Record.swift */,
				07E6E7472AE78743004106A6 /* Acknowledgement.swift */,
			);
			path = Models;
			sourceTree = "<group>";
		};
		07FEAFD72ABD2EE400F4108D = {
			isa = PBXGroup;
			children = (
				07FEAFE22ABD2EE400F4108D /* ScoreFive */,
				07FEAFF72ABD2EE500F4108D /* ScoreFiveTests */,
				07FEB0012ABD2EE500F4108D /* ScoreFiveUITests */,
				07FEAFE12ABD2EE400F4108D /* Products */,
				07FEB0182AC0ADC300F4108D /* Frameworks */,
			);
			sourceTree = "<group>";
		};
		07FEAFE12ABD2EE400F4108D /* Products */ = {
			isa = PBXGroup;
			children = (
				07FEAFE02ABD2EE400F4108D /* ScoreFive.app */,
				07FEAFF42ABD2EE500F4108D /* ScoreFiveTests.xctest */,
				07FEAFFE2ABD2EE500F4108D /* ScoreFiveUITests.xctest */,
			);
			name = Products;
			sourceTree = "<group>";
		};
		07FEAFE22ABD2EE400F4108D /* ScoreFive */ = {
			isa = PBXGroup;
			children = (
				07F8AFD12AC8CE8300771FBC /* Src */,
				07FEAFE92ABD2EE500F4108D /* Assets.xcassets */,
				07FEAFEE2ABD2EE500F4108D /* ScoreFive.entitlements */,
				07FEAFEF2ABD2EE500F4108D /* Info.plist */,
				07FEAFEB2ABD2EE500F4108D /* Preview Content */,
			);
			path = ScoreFive;
			sourceTree = "<group>";
		};
		07FEAFEB2ABD2EE500F4108D /* Preview Content */ = {
			isa = PBXGroup;
			children = (
				07FEAFEC2ABD2EE500F4108D /* Preview Assets.xcassets */,
			);
			path = "Preview Content";
			sourceTree = "<group>";
		};
		07FEAFF72ABD2EE500F4108D /* ScoreFiveTests */ = {
			isa = PBXGroup;
			children = (
				07FEAFF82ABD2EE500F4108D /* ScoreFiveTests.swift */,
			);
			path = ScoreFiveTests;
			sourceTree = "<group>";
		};
		07FEB0012ABD2EE500F4108D /* ScoreFiveUITests */ = {
			isa = PBXGroup;
			children = (
				07FEB0022ABD2EE500F4108D /* ScoreFiveUITests.swift */,
				07FEB0042ABD2EE500F4108D /* ScoreFiveUITestsLaunchTests.swift */,
			);
			path = ScoreFiveUITests;
			sourceTree = "<group>";
		};
		07FEB0182AC0ADC300F4108D /* Frameworks */ = {
			isa = PBXGroup;
			children = (
			);
			name = Frameworks;
			sourceTree = "<group>";
		};
		07FEB0202AC0CC3B00F4108D /* Packages */ = {
			isa = PBXGroup;
			children = (
				07D3C3452ACA4EC00003C7FA /* Macros */,
				07FEB0352AC0EBB600F4108D /* Utils */,
				07FEB0212AC0CC3B00F4108D /* FiveKit */,
			);
			path = Packages;
			sourceTree = "<group>";
		};
/* End PBXGroup section */

/* Begin PBXNativeTarget section */
		07FEAFDF2ABD2EE400F4108D /* ScoreFive */ = {
			isa = PBXNativeTarget;
			buildConfigurationList = 07FEB0082ABD2EE500F4108D /* Build configuration list for PBXNativeTarget "ScoreFive" */;
			buildPhases = (
				07FEAFDC2ABD2EE400F4108D /* Sources */,
				07FEAFDD2ABD2EE400F4108D /* Frameworks */,
				07FEAFDE2ABD2EE400F4108D /* Resources */,
			);
			buildRules = (
			);
			dependencies = (
			);
			name = ScoreFive;
			packageProductDependencies = (
				07FEB0242AC0CC4C00F4108D /* FiveKit */,
				07FEB0362AC0EC5800F4108D /* Utils */,
				07F8AFD52AC8E63400771FBC /* Utils */,
				07F8AFD82AC8E66300771FBC /* FiveKit */,
				07D3C3432ACA4E2C0003C7FA /* SafariView */,
				07D3C3482ACA50D30003C7FA /* Macros */,
			);
			productName = ScoreFive;
			productReference = 07FEAFE02ABD2EE400F4108D /* ScoreFive.app */;
			productType = "com.apple.product-type.application";
		};
		07FEAFF32ABD2EE500F4108D /* ScoreFiveTests */ = {
			isa = PBXNativeTarget;
			buildConfigurationList = 07FEB00B2ABD2EE500F4108D /* Build configuration list for PBXNativeTarget "ScoreFiveTests" */;
			buildPhases = (
				07FEAFF02ABD2EE500F4108D /* Sources */,
				07FEAFF12ABD2EE500F4108D /* Frameworks */,
				07FEAFF22ABD2EE500F4108D /* Resources */,
			);
			buildRules = (
			);
			dependencies = (
				07FEAFF62ABD2EE500F4108D /* PBXTargetDependency */,
			);
			name = ScoreFiveTests;
			productName = ScoreFiveTests;
			productReference = 07FEAFF42ABD2EE500F4108D /* ScoreFiveTests.xctest */;
			productType = "com.apple.product-type.bundle.unit-test";
		};
		07FEAFFD2ABD2EE500F4108D /* ScoreFiveUITests */ = {
			isa = PBXNativeTarget;
			buildConfigurationList = 07FEB00E2ABD2EE500F4108D /* Build configuration list for PBXNativeTarget "ScoreFiveUITests" */;
			buildPhases = (
				07FEAFFA2ABD2EE500F4108D /* Sources */,
				07FEAFFB2ABD2EE500F4108D /* Frameworks */,
				07FEAFFC2ABD2EE500F4108D /* Resources */,
			);
			buildRules = (
			);
			dependencies = (
				07FEB0002ABD2EE500F4108D /* PBXTargetDependency */,
			);
			name = ScoreFiveUITests;
			productName = ScoreFiveUITests;
			productReference = 07FEAFFE2ABD2EE500F4108D /* ScoreFiveUITests.xctest */;
			productType = "com.apple.product-type.bundle.ui-testing";
		};
/* End PBXNativeTarget section */

/* Begin PBXProject section */
		07FEAFD82ABD2EE400F4108D /* Project object */ = {
			isa = PBXProject;
			attributes = {
				BuildIndependentTargetsInParallel = 1;
				LastSwiftUpdateCheck = 1500;
				LastUpgradeCheck = 1500;
				TargetAttributes = {
					07FEAFDF2ABD2EE400F4108D = {
						CreatedOnToolsVersion = 15.0;
					};
					07FEAFF32ABD2EE500F4108D = {
						CreatedOnToolsVersion = 15.0;
						TestTargetID = 07FEAFDF2ABD2EE400F4108D;
					};
					07FEAFFD2ABD2EE500F4108D = {
						CreatedOnToolsVersion = 15.0;
						TestTargetID = 07FEAFDF2ABD2EE400F4108D;
					};
				};
			};
			buildConfigurationList = 07FEAFDB2ABD2EE400F4108D /* Build configuration list for PBXProject "ScoreFive" */;
			compatibilityVersion = "Xcode 14.0";
			developmentRegion = en;
			hasScannedForEncodings = 0;
			knownRegions = (
				en,
				Base,
			);
			mainGroup = 07FEAFD72ABD2EE400F4108D;
			packageReferences = (
				07F8AFD42AC8E63400771FBC /* XCLocalSwiftPackageReference "ScoreFive/Src/Packages/Utils" */,
				07F8AFD72AC8E66300771FBC /* XCLocalSwiftPackageReference "ScoreFive/Src/Packages/FiveKit" */,
				07D3C33D2ACA340F0003C7FA /* XCRemoteSwiftPackageReference "SafariUI" */,
				07D3C3472ACA50D30003C7FA /* XCLocalSwiftPackageReference "ScoreFive/Src/Packages/Macros" */,
			);
			productRefGroup = 07FEAFE12ABD2EE400F4108D /* Products */;
			projectDirPath = "";
			projectRoot = "";
			targets = (
				07FEAFDF2ABD2EE400F4108D /* ScoreFive */,
				07FEAFF32ABD2EE500F4108D /* ScoreFiveTests */,
				07FEAFFD2ABD2EE500F4108D /* ScoreFiveUITests */,
			);
		};
/* End PBXProject section */

/* Begin PBXResourcesBuildPhase section */
		07FEAFDE2ABD2EE400F4108D /* Resources */ = {
			isa = PBXResourcesBuildPhase;
			buildActionMask = 2147483647;
			files = (
				07FEB0222AC0CC3B00F4108D /* FiveKit in Resources */,
				07FEAFED2ABD2EE500F4108D /* Preview Assets.xcassets in Resources */,
				07FEAFEA2ABD2EE500F4108D /* Assets.xcassets in Resources */,
				07D3C3462ACA4EC00003C7FA /* Macros in Resources */,
			);
			runOnlyForDeploymentPostprocessing = 0;
		};
		07FEAFF22ABD2EE500F4108D /* Resources */ = {
			isa = PBXResourcesBuildPhase;
			buildActionMask = 2147483647;
			files = (
			);
			runOnlyForDeploymentPostprocessing = 0;
		};
		07FEAFFC2ABD2EE500F4108D /* Resources */ = {
			isa = PBXResourcesBuildPhase;
			buildActionMask = 2147483647;
			files = (
			);
			runOnlyForDeploymentPostprocessing = 0;
		};
/* End PBXResourcesBuildPhase section */

/* Begin PBXSourcesBuildPhase section */
		07FEAFDC2ABD2EE400F4108D /* Sources */ = {
			isa = PBXSourcesBuildPhase;
			buildActionMask = 2147483647;
			files = (
				07FEAFE62ABD2EE400F4108D /* RootView.swift in Sources */,
				07496AC62AC87BEA005E76B5 /* RecordViewRow.swift in Sources */,
				07D3C34B2ACA6DA20003C7FA /* PlayingCardView.swift in Sources */,
				07E6E7482AE78743004106A6 /* Acknowledgement.swift in Sources */,
				074601322AC11413006A3CBE /* EditRoundView.swift in Sources */,
				07FEB02D2AC0D67E00F4108D /* Environment.swift in Sources */,
				07FEB02F2AC0D86000F4108D /* Modifiers.swift in Sources */,
				07D3C33C2AC9CC690003C7FA /* LoadGameViewRow.swift in Sources */,
				072BE9192AD5BCAE0004845E /* AcknowledgementView.swift in Sources */,
				07FEB0122AC09EF100F4108D /* Record.swift in Sources */,
				079CB60C2AE798E300D80AA0 /* ScoreCardExtensions.swift in Sources */,
				07D3C3402ACA347F0003C7FA /* MoreView.swift in Sources */,
				07FEAFE42ABD2EE400F4108D /* App.swift in Sources */,
				07FEB0312AC0E89400F4108D /* RecordView.swift in Sources */,
				07FEB0272AC0CE7600F4108D /* LoadGameView.swift in Sources */,
				07FEB0172AC0A43F00F4108D /* NewGameView.swift in Sources */,
			);
			runOnlyForDeploymentPostprocessing = 0;
		};
		07FEAFF02ABD2EE500F4108D /* Sources */ = {
			isa = PBXSourcesBuildPhase;
			buildActionMask = 2147483647;
			files = (
				07FEAFF92ABD2EE500F4108D /* ScoreFiveTests.swift in Sources */,
			);
			runOnlyForDeploymentPostprocessing = 0;
		};
		07FEAFFA2ABD2EE500F4108D /* Sources */ = {
			isa = PBXSourcesBuildPhase;
			buildActionMask = 2147483647;
			files = (
				07FEB0032ABD2EE500F4108D /* ScoreFiveUITests.swift in Sources */,
				07FEB0052ABD2EE500F4108D /* ScoreFiveUITestsLaunchTests.swift in Sources */,
			);
			runOnlyForDeploymentPostprocessing = 0;
		};
/* End PBXSourcesBuildPhase section */

/* Begin PBXTargetDependency section */
		07FEAFF62ABD2EE500F4108D /* PBXTargetDependency */ = {
			isa = PBXTargetDependency;
			target = 07FEAFDF2ABD2EE400F4108D /* ScoreFive */;
			targetProxy = 07FEAFF52ABD2EE500F4108D /* PBXContainerItemProxy */;
		};
		07FEB0002ABD2EE500F4108D /* PBXTargetDependency */ = {
			isa = PBXTargetDependency;
			target = 07FEAFDF2ABD2EE400F4108D /* ScoreFive */;
			targetProxy = 07FEAFFF2ABD2EE500F4108D /* PBXContainerItemProxy */;
		};
/* End PBXTargetDependency section */

/* Begin XCBuildConfiguration section */
		07FEB0062ABD2EE500F4108D /* Debug */ = {
			isa = XCBuildConfiguration;
			buildSettings = {
				ALWAYS_SEARCH_USER_PATHS = NO;
				ASSETCATALOG_COMPILER_GENERATE_SWIFT_ASSET_SYMBOL_EXTENSIONS = YES;
				CLANG_ANALYZER_NONNULL = YES;
				CLANG_ANALYZER_NUMBER_OBJECT_CONVERSION = YES_AGGRESSIVE;
				CLANG_CXX_LANGUAGE_STANDARD = "gnu++20";
				CLANG_ENABLE_MODULES = YES;
				CLANG_ENABLE_OBJC_ARC = YES;
				CLANG_ENABLE_OBJC_WEAK = YES;
				CLANG_WARN_BLOCK_CAPTURE_AUTORELEASING = YES;
				CLANG_WARN_BOOL_CONVERSION = YES;
				CLANG_WARN_COMMA = YES;
				CLANG_WARN_CONSTANT_CONVERSION = YES;
				CLANG_WARN_DEPRECATED_OBJC_IMPLEMENTATIONS = YES;
				CLANG_WARN_DIRECT_OBJC_ISA_USAGE = YES_ERROR;
				CLANG_WARN_DOCUMENTATION_COMMENTS = YES;
				CLANG_WARN_EMPTY_BODY = YES;
				CLANG_WARN_ENUM_CONVERSION = YES;
				CLANG_WARN_INFINITE_RECURSION = YES;
				CLANG_WARN_INT_CONVERSION = YES;
				CLANG_WARN_NON_LITERAL_NULL_CONVERSION = YES;
				CLANG_WARN_OBJC_IMPLICIT_RETAIN_SELF = YES;
				CLANG_WARN_OBJC_LITERAL_CONVERSION = YES;
				CLANG_WARN_OBJC_ROOT_CLASS = YES_ERROR;
				CLANG_WARN_QUOTED_INCLUDE_IN_FRAMEWORK_HEADER = YES;
				CLANG_WARN_RANGE_LOOP_ANALYSIS = YES;
				CLANG_WARN_STRICT_PROTOTYPES = YES;
				CLANG_WARN_SUSPICIOUS_MOVE = YES;
				CLANG_WARN_UNGUARDED_AVAILABILITY = YES_AGGRESSIVE;
				CLANG_WARN_UNREACHABLE_CODE = YES;
				CLANG_WARN__DUPLICATE_METHOD_MATCH = YES;
				COPY_PHASE_STRIP = NO;
				DEBUG_INFORMATION_FORMAT = dwarf;
				ENABLE_STRICT_OBJC_MSGSEND = YES;
				ENABLE_TESTABILITY = YES;
				ENABLE_USER_SCRIPT_SANDBOXING = YES;
				GCC_C_LANGUAGE_STANDARD = gnu17;
				GCC_DYNAMIC_NO_PIC = NO;
				GCC_NO_COMMON_BLOCKS = YES;
				GCC_OPTIMIZATION_LEVEL = 0;
				GCC_PREPROCESSOR_DEFINITIONS = (
					"DEBUG=1",
					"$(inherited)",
				);
				GCC_WARN_64_TO_32_BIT_CONVERSION = YES;
				GCC_WARN_ABOUT_RETURN_TYPE = YES_ERROR;
				GCC_WARN_UNDECLARED_SELECTOR = YES;
				GCC_WARN_UNINITIALIZED_AUTOS = YES_AGGRESSIVE;
				GCC_WARN_UNUSED_FUNCTION = YES;
				GCC_WARN_UNUSED_VARIABLE = YES;
				IPHONEOS_DEPLOYMENT_TARGET = 17.0;
				LOCALIZATION_PREFERS_STRING_CATALOGS = YES;
				MTL_ENABLE_DEBUG_INFO = INCLUDE_SOURCE;
				MTL_FAST_MATH = YES;
				ONLY_ACTIVE_ARCH = YES;
				SDKROOT = iphoneos;
				SWIFT_ACTIVE_COMPILATION_CONDITIONS = "DEBUG $(inherited)";
				SWIFT_OPTIMIZATION_LEVEL = "-Onone";
				SWIFT_STRICT_CONCURRENCY = complete;
			};
			name = Debug;
		};
		07FEB0072ABD2EE500F4108D /* Release */ = {
			isa = XCBuildConfiguration;
			buildSettings = {
				ALWAYS_SEARCH_USER_PATHS = NO;
				ASSETCATALOG_COMPILER_GENERATE_SWIFT_ASSET_SYMBOL_EXTENSIONS = YES;
				CLANG_ANALYZER_NONNULL = YES;
				CLANG_ANALYZER_NUMBER_OBJECT_CONVERSION = YES_AGGRESSIVE;
				CLANG_CXX_LANGUAGE_STANDARD = "gnu++20";
				CLANG_ENABLE_MODULES = YES;
				CLANG_ENABLE_OBJC_ARC = YES;
				CLANG_ENABLE_OBJC_WEAK = YES;
				CLANG_WARN_BLOCK_CAPTURE_AUTORELEASING = YES;
				CLANG_WARN_BOOL_CONVERSION = YES;
				CLANG_WARN_COMMA = YES;
				CLANG_WARN_CONSTANT_CONVERSION = YES;
				CLANG_WARN_DEPRECATED_OBJC_IMPLEMENTATIONS = YES;
				CLANG_WARN_DIRECT_OBJC_ISA_USAGE = YES_ERROR;
				CLANG_WARN_DOCUMENTATION_COMMENTS = YES;
				CLANG_WARN_EMPTY_BODY = YES;
				CLANG_WARN_ENUM_CONVERSION = YES;
				CLANG_WARN_INFINITE_RECURSION = YES;
				CLANG_WARN_INT_CONVERSION = YES;
				CLANG_WARN_NON_LITERAL_NULL_CONVERSION = YES;
				CLANG_WARN_OBJC_IMPLICIT_RETAIN_SELF = YES;
				CLANG_WARN_OBJC_LITERAL_CONVERSION = YES;
				CLANG_WARN_OBJC_ROOT_CLASS = YES_ERROR;
				CLANG_WARN_QUOTED_INCLUDE_IN_FRAMEWORK_HEADER = YES;
				CLANG_WARN_RANGE_LOOP_ANALYSIS = YES;
				CLANG_WARN_STRICT_PROTOTYPES = YES;
				CLANG_WARN_SUSPICIOUS_MOVE = YES;
				CLANG_WARN_UNGUARDED_AVAILABILITY = YES_AGGRESSIVE;
				CLANG_WARN_UNREACHABLE_CODE = YES;
				CLANG_WARN__DUPLICATE_METHOD_MATCH = YES;
				COPY_PHASE_STRIP = NO;
				DEBUG_INFORMATION_FORMAT = "dwarf-with-dsym";
				ENABLE_NS_ASSERTIONS = NO;
				ENABLE_STRICT_OBJC_MSGSEND = YES;
				ENABLE_USER_SCRIPT_SANDBOXING = YES;
				GCC_C_LANGUAGE_STANDARD = gnu17;
				GCC_NO_COMMON_BLOCKS = YES;
				GCC_WARN_64_TO_32_BIT_CONVERSION = YES;
				GCC_WARN_ABOUT_RETURN_TYPE = YES_ERROR;
				GCC_WARN_UNDECLARED_SELECTOR = YES;
				GCC_WARN_UNINITIALIZED_AUTOS = YES_AGGRESSIVE;
				GCC_WARN_UNUSED_FUNCTION = YES;
				GCC_WARN_UNUSED_VARIABLE = YES;
				IPHONEOS_DEPLOYMENT_TARGET = 17.0;
				LOCALIZATION_PREFERS_STRING_CATALOGS = YES;
				MTL_ENABLE_DEBUG_INFO = NO;
				MTL_FAST_MATH = YES;
				SDKROOT = iphoneos;
				SWIFT_COMPILATION_MODE = wholemodule;
				SWIFT_STRICT_CONCURRENCY = complete;
				VALIDATE_PRODUCT = YES;
			};
			name = Release;
		};
		07FEB0092ABD2EE500F4108D /* Debug */ = {
			isa = XCBuildConfiguration;
			buildSettings = {
				ASSETCATALOG_COMPILER_APPICON_NAME = AppIcon;
				ASSETCATALOG_COMPILER_GLOBAL_ACCENT_COLOR_NAME = AccentColor;
				CODE_SIGN_ENTITLEMENTS = ScoreFive/ScoreFive.entitlements;
				CODE_SIGN_STYLE = Automatic;
				CURRENT_PROJECT_VERSION = 100;
				DEVELOPMENT_ASSET_PATHS = "\"ScoreFive/Preview Content\"";
				DEVELOPMENT_TEAM = 3FJXDZ3HU4;
				ENABLE_PREVIEWS = YES;
				GENERATE_INFOPLIST_FILE = YES;
				INFOPLIST_FILE = ScoreFive/Info.plist;
				INFOPLIST_KEY_CFBundleDisplayName = ScoreFive;
				INFOPLIST_KEY_LSApplicationCategoryType = "public.app-category.card-games";
				INFOPLIST_KEY_UIApplicationSceneManifest_Generation = YES;
				INFOPLIST_KEY_UIApplicationSupportsIndirectInputEvents = YES;
				INFOPLIST_KEY_UILaunchScreen_Generation = YES;
				INFOPLIST_KEY_UISupportedInterfaceOrientations = "UIInterfaceOrientationLandscapeLeft UIInterfaceOrientationLandscapeRight UIInterfaceOrientationPortrait";
				INFOPLIST_KEY_UISupportedInterfaceOrientations_iPad = "UIInterfaceOrientationLandscapeLeft UIInterfaceOrientationLandscapeRight UIInterfaceOrientationPortrait UIInterfaceOrientationPortraitUpsideDown";
				LD_RUNPATH_SEARCH_PATHS = (
					"$(inherited)",
					"@executable_path/Frameworks",
				);
				MARKETING_VERSION = 3.0;
				PRODUCT_BUNDLE_IDENTIFIER = com.varunsanthanam.ScoreFive3;
				PRODUCT_NAME = "$(TARGET_NAME)";
				SWIFT_EMIT_LOC_STRINGS = YES;
				SWIFT_STRICT_CONCURRENCY = complete;
				SWIFT_VERSION = 5.0;
				TARGETED_DEVICE_FAMILY = "1,2";
			};
			name = Debug;
		};
		07FEB00A2ABD2EE500F4108D /* Release */ = {
			isa = XCBuildConfiguration;
			buildSettings = {
				ASSETCATALOG_COMPILER_APPICON_NAME = AppIcon;
				ASSETCATALOG_COMPILER_GLOBAL_ACCENT_COLOR_NAME = AccentColor;
				CODE_SIGN_ENTITLEMENTS = ScoreFive/ScoreFive.entitlements;
				CODE_SIGN_STYLE = Automatic;
				CURRENT_PROJECT_VERSION = 100;
				DEVELOPMENT_ASSET_PATHS = "\"ScoreFive/Preview Content\"";
				DEVELOPMENT_TEAM = 3FJXDZ3HU4;
				ENABLE_PREVIEWS = YES;
				GENERATE_INFOPLIST_FILE = YES;
				INFOPLIST_FILE = ScoreFive/Info.plist;
				INFOPLIST_KEY_CFBundleDisplayName = ScoreFive;
				INFOPLIST_KEY_LSApplicationCategoryType = "public.app-category.card-games";
				INFOPLIST_KEY_UIApplicationSceneManifest_Generation = YES;
				INFOPLIST_KEY_UIApplicationSupportsIndirectInputEvents = YES;
				INFOPLIST_KEY_UILaunchScreen_Generation = YES;
				INFOPLIST_KEY_UISupportedInterfaceOrientations = "UIInterfaceOrientationLandscapeLeft UIInterfaceOrientationLandscapeRight UIInterfaceOrientationPortrait";
				INFOPLIST_KEY_UISupportedInterfaceOrientations_iPad = "UIInterfaceOrientationLandscapeLeft UIInterfaceOrientationLandscapeRight UIInterfaceOrientationPortrait UIInterfaceOrientationPortraitUpsideDown";
				LD_RUNPATH_SEARCH_PATHS = (
					"$(inherited)",
					"@executable_path/Frameworks",
				);
				MARKETING_VERSION = 3.0;
				PRODUCT_BUNDLE_IDENTIFIER = com.varunsanthanam.ScoreFive3;
				PRODUCT_NAME = "$(TARGET_NAME)";
				SWIFT_EMIT_LOC_STRINGS = YES;
				SWIFT_STRICT_CONCURRENCY = complete;
				SWIFT_VERSION = 5.0;
				TARGETED_DEVICE_FAMILY = "1,2";
			};
			name = Release;
		};
		07FEB00C2ABD2EE500F4108D /* Debug */ = {
			isa = XCBuildConfiguration;
			buildSettings = {
				ALWAYS_EMBED_SWIFT_STANDARD_LIBRARIES = YES;
				BUNDLE_LOADER = "$(TEST_HOST)";
				CODE_SIGN_STYLE = Automatic;
				CURRENT_PROJECT_VERSION = 1;
				DEVELOPMENT_TEAM = 3FJXDZ3HU4;
				GENERATE_INFOPLIST_FILE = YES;
				IPHONEOS_DEPLOYMENT_TARGET = 17.0;
				MARKETING_VERSION = 1.0;
				PRODUCT_BUNDLE_IDENTIFIER = com.varunsanthanam.ScoreFiveTests;
				PRODUCT_NAME = "$(TARGET_NAME)";
				SWIFT_EMIT_LOC_STRINGS = NO;
				SWIFT_VERSION = 5.0;
				TARGETED_DEVICE_FAMILY = "1,2";
				TEST_HOST = "$(BUILT_PRODUCTS_DIR)/ScoreFive.app/$(BUNDLE_EXECUTABLE_FOLDER_PATH)/ScoreFive";
			};
			name = Debug;
		};
		07FEB00D2ABD2EE500F4108D /* Release */ = {
			isa = XCBuildConfiguration;
			buildSettings = {
				ALWAYS_EMBED_SWIFT_STANDARD_LIBRARIES = YES;
				BUNDLE_LOADER = "$(TEST_HOST)";
				CODE_SIGN_STYLE = Automatic;
				CURRENT_PROJECT_VERSION = 1;
				DEVELOPMENT_TEAM = 3FJXDZ3HU4;
				GENERATE_INFOPLIST_FILE = YES;
				IPHONEOS_DEPLOYMENT_TARGET = 17.0;
				MARKETING_VERSION = 1.0;
				PRODUCT_BUNDLE_IDENTIFIER = com.varunsanthanam.ScoreFiveTests;
				PRODUCT_NAME = "$(TARGET_NAME)";
				SWIFT_EMIT_LOC_STRINGS = NO;
				SWIFT_VERSION = 5.0;
				TARGETED_DEVICE_FAMILY = "1,2";
				TEST_HOST = "$(BUILT_PRODUCTS_DIR)/ScoreFive.app/$(BUNDLE_EXECUTABLE_FOLDER_PATH)/ScoreFive";
			};
			name = Release;
		};
		07FEB00F2ABD2EE500F4108D /* Debug */ = {
			isa = XCBuildConfiguration;
			buildSettings = {
				ALWAYS_EMBED_SWIFT_STANDARD_LIBRARIES = YES;
				CODE_SIGN_STYLE = Automatic;
				CURRENT_PROJECT_VERSION = 1;
				DEVELOPMENT_TEAM = 3FJXDZ3HU4;
				GENERATE_INFOPLIST_FILE = YES;
				MARKETING_VERSION = 1.0;
				PRODUCT_BUNDLE_IDENTIFIER = com.varunsanthanam.ScoreFiveUITests;
				PRODUCT_NAME = "$(TARGET_NAME)";
				SWIFT_EMIT_LOC_STRINGS = NO;
				SWIFT_VERSION = 5.0;
				TARGETED_DEVICE_FAMILY = "1,2";
				TEST_TARGET_NAME = ScoreFive;
			};
			name = Debug;
		};
		07FEB0102ABD2EE500F4108D /* Release */ = {
			isa = XCBuildConfiguration;
			buildSettings = {
				ALWAYS_EMBED_SWIFT_STANDARD_LIBRARIES = YES;
				CODE_SIGN_STYLE = Automatic;
				CURRENT_PROJECT_VERSION = 1;
				DEVELOPMENT_TEAM = 3FJXDZ3HU4;
				GENERATE_INFOPLIST_FILE = YES;
				MARKETING_VERSION = 1.0;
				PRODUCT_BUNDLE_IDENTIFIER = com.varunsanthanam.ScoreFiveUITests;
				PRODUCT_NAME = "$(TARGET_NAME)";
				SWIFT_EMIT_LOC_STRINGS = NO;
				SWIFT_VERSION = 5.0;
				TARGETED_DEVICE_FAMILY = "1,2";
				TEST_TARGET_NAME = ScoreFive;
			};
			name = Release;
		};
/* End XCBuildConfiguration section */

/* Begin XCConfigurationList section */
		07FEAFDB2ABD2EE400F4108D /* Build configuration list for PBXProject "ScoreFive" */ = {
			isa = XCConfigurationList;
			buildConfigurations = (
				07FEB0062ABD2EE500F4108D /* Debug */,
				07FEB0072ABD2EE500F4108D /* Release */,
			);
			defaultConfigurationIsVisible = 0;
			defaultConfigurationName = Release;
		};
		07FEB0082ABD2EE500F4108D /* Build configuration list for PBXNativeTarget "ScoreFive" */ = {
			isa = XCConfigurationList;
			buildConfigurations = (
				07FEB0092ABD2EE500F4108D /* Debug */,
				07FEB00A2ABD2EE500F4108D /* Release */,
			);
			defaultConfigurationIsVisible = 0;
			defaultConfigurationName = Release;
		};
		07FEB00B2ABD2EE500F4108D /* Build configuration list for PBXNativeTarget "ScoreFiveTests" */ = {
			isa = XCConfigurationList;
			buildConfigurations = (
				07FEB00C2ABD2EE500F4108D /* Debug */,
				07FEB00D2ABD2EE500F4108D /* Release */,
			);
			defaultConfigurationIsVisible = 0;
			defaultConfigurationName = Release;
		};
		07FEB00E2ABD2EE500F4108D /* Build configuration list for PBXNativeTarget "ScoreFiveUITests" */ = {
			isa = XCConfigurationList;
			buildConfigurations = (
				07FEB00F2ABD2EE500F4108D /* Debug */,
				07FEB0102ABD2EE500F4108D /* Release */,
			);
			defaultConfigurationIsVisible = 0;
			defaultConfigurationName = Release;
		};
/* End XCConfigurationList section */

/* Begin XCLocalSwiftPackageReference section */
		07D3C3472ACA50D30003C7FA /* XCLocalSwiftPackageReference "ScoreFive/Src/Packages/Macros" */ = {
			isa = XCLocalSwiftPackageReference;
			relativePath = ScoreFive/Src/Packages/Macros;
		};
		07F8AFD42AC8E63400771FBC /* XCLocalSwiftPackageReference "ScoreFive/Src/Packages/Utils" */ = {
			isa = XCLocalSwiftPackageReference;
			relativePath = ScoreFive/Src/Packages/Utils;
		};
		07F8AFD72AC8E66300771FBC /* XCLocalSwiftPackageReference "ScoreFive/Src/Packages/FiveKit" */ = {
			isa = XCLocalSwiftPackageReference;
			relativePath = ScoreFive/Src/Packages/FiveKit;
		};
/* End XCLocalSwiftPackageReference section */

/* Begin XCRemoteSwiftPackageReference section */
		07D3C33D2ACA340F0003C7FA /* XCRemoteSwiftPackageReference "SafariUI" */ = {
			isa = XCRemoteSwiftPackageReference;
			repositoryURL = "git@github.com:vsanthanam/SafariUI.git";
			requirement = {
				kind = upToNextMajorVersion;
				minimumVersion = 3.0.1;
			};
		};
/* End XCRemoteSwiftPackageReference section */

/* Begin XCSwiftPackageProductDependency section */
		07D3C3432ACA4E2C0003C7FA /* SafariView */ = {
			isa = XCSwiftPackageProductDependency;
			package = 07D3C33D2ACA340F0003C7FA /* XCRemoteSwiftPackageReference "SafariUI" */;
			productName = SafariView;
		};
		07D3C3482ACA50D30003C7FA /* Macros */ = {
			isa = XCSwiftPackageProductDependency;
			productName = Macros;
		};
		07F8AFD52AC8E63400771FBC /* Utils */ = {
			isa = XCSwiftPackageProductDependency;
			productName = Utils;
		};
		07F8AFD82AC8E66300771FBC /* FiveKit */ = {
			isa = XCSwiftPackageProductDependency;
			productName = FiveKit;
		};
		07FEB0242AC0CC4C00F4108D /* FiveKit */ = {
			isa = XCSwiftPackageProductDependency;
			productName = FiveKit;
		};
		07FEB0362AC0EC5800F4108D /* Utils */ = {
			isa = XCSwiftPackageProductDependency;
			productName = Utils;
		};
/* End XCSwiftPackageProductDependency section */
	};
	rootObject = 07FEAFD82ABD2EE400F4108D /* Project object */;
}
